// !$*UTF8*$!
{
	archiveVersion = 1;
	classes = {
	};
	objectVersion = 48;
	objects = {

/* Begin PBXBuildFile section */
		BC0B0B291FCA5CC200779A31 /* AppDelegate.swift in Sources */ = {isa = PBXBuildFile; fileRef = BC0B0B281FCA5CC200779A31 /* AppDelegate.swift */; };
		BC0B0B2B1FCA5CC200779A31 /* ViewController.swift in Sources */ = {isa = PBXBuildFile; fileRef = BC0B0B2A1FCA5CC200779A31 /* ViewController.swift */; };
		BC0B0B301FCA5CC200779A31 /* Assets.xcassets in Resources */ = {isa = PBXBuildFile; fileRef = BC0B0B2F1FCA5CC200779A31 /* Assets.xcassets */; };
		BC0B0B331FCA5CC200779A31 /* LaunchScreen.storyboard in Resources */ = {isa = PBXBuildFile; fileRef = BC0B0B311FCA5CC200779A31 /* LaunchScreen.storyboard */; };
		BC0B0B3A1FCAA15500779A31 /* Main.storyboard in Resources */ = {isa = PBXBuildFile; fileRef = BC0B0B2C1FCA5CC200779A31 /* Main.storyboard */; };
/* End PBXBuildFile section */

/* Begin PBXFileReference section */
		BC0B0B251FCA5CC200779A31 /* My Gem.app */ = {isa = PBXFileReference; explicitFileType = wrapper.application; includeInIndex = 0; path = "My Gem.app"; sourceTree = BUILT_PRODUCTS_DIR; };
		BC0B0B281FCA5CC200779A31 /* AppDelegate.swift */ = {isa = PBXFileReference; lastKnownFileType = sourcecode.swift; path = AppDelegate.swift; sourceTree = "<group>"; };
		BC0B0B2A1FCA5CC200779A31 /* ViewController.swift */ = {isa = PBXFileReference; lastKnownFileType = sourcecode.swift; path = ViewController.swift; sourceTree = "<group>"; };
		BC0B0B2D1FCA5CC200779A31 /* Base */ = {isa = PBXFileReference; lastKnownFileType = file.storyboard; name = Base; path = Base.lproj/Main.storyboard; sourceTree = "<group>"; };
		BC0B0B2F1FCA5CC200779A31 /* Assets.xcassets */ = {isa = PBXFileReference; lastKnownFileType = folder.assetcatalog; path = Assets.xcassets; sourceTree = "<group>"; };
		BC0B0B321FCA5CC200779A31 /* Base */ = {isa = PBXFileReference; lastKnownFileType = file.storyboard; name = Base; path = Base.lproj/LaunchScreen.storyboard; sourceTree = "<group>"; };
		BC0B0B341FCA5CC200779A31 /* Info.plist */ = {isa = PBXFileReference; lastKnownFileType = text.plist.xml; path = Info.plist; sourceTree = "<group>"; };
/* End PBXFileReference section */

/* Begin PBXFrameworksBuildPhase section */
		BC0B0B221FCA5CC200779A31 /* Frameworks */ = {
			isa = PBXFrameworksBuildPhase;
			buildActionMask = 2147483647;
			files = (
			);
			runOnlyForDeploymentPostprocessing = 0;
		};
/* End PBXFrameworksBuildPhase section */

/* Begin PBXGroup section */
		BC0B0B1C1FCA5CC200779A31 = {
			isa = PBXGroup;
			children = (
				BC0B0B271FCA5CC200779A31 /* My Gem */,
				BC0B0B261FCA5CC200779A31 /* Products */,
			);
			sourceTree = "<group>";
		};
		BC0B0B261FCA5CC200779A31 /* Products */ = {
			isa = PBXGroup;
			children = (
				BC0B0B251FCA5CC200779A31 /* My Gem.app */,
			);
			name = Products;
			sourceTree = "<group>";
		};
		BC0B0B271FCA5CC200779A31 /* My Gem */ = {
			isa = PBXGroup;
			children = (
				BC0B0B281FCA5CC200779A31 /* AppDelegate.swift */,
				BC0B0B2A1FCA5CC200779A31 /* ViewController.swift */,
				BC0B0B2C1FCA5CC200779A31 /* Main.storyboard */,
				BC0B0B2F1FCA5CC200779A31 /* Assets.xcassets */,
				BC0B0B311FCA5CC200779A31 /* LaunchScreen.storyboard */,
				BC0B0B341FCA5CC200779A31 /* Info.plist */,
			);
			path = "My Gem";
			sourceTree = "<group>";
		};
/* End PBXGroup section */

/* Begin PBXNativeTarget section */
		BC0B0B241FCA5CC200779A31 /* My Gem */ = {
			isa = PBXNativeTarget;
			buildConfigurationList = BC0B0B371FCA5CC200779A31 /* Build configuration list for PBXNativeTarget "My Gem" */;
			buildPhases = (
				BC0B0B211FCA5CC200779A31 /* Sources */,
				BC0B0B221FCA5CC200779A31 /* Frameworks */,
				BC0B0B231FCA5CC200779A31 /* Resources */,
			);
			buildRules = (
			);
			dependencies = (
			);
			name = "My Gem";
			productName = "My Gem";
			productReference = BC0B0B251FCA5CC200779A31 /* My Gem.app */;
			productType = "com.apple.product-type.application";
		};
/* End PBXNativeTarget section */

/* Begin PBXProject section */
		BC0B0B1D1FCA5CC200779A31 /* Project object */ = {
			isa = PBXProject;
			attributes = {
				LastSwiftUpdateCheck = 0910;
				LastUpgradeCheck = 0910;
				ORGANIZATIONNAME = "Obinna Agumadu";
				TargetAttributes = {
					BC0B0B241FCA5CC200779A31 = {
						CreatedOnToolsVersion = 9.1;
						ProvisioningStyle = Automatic;
					};
				};
			};
			buildConfigurationList = BC0B0B201FCA5CC200779A31 /* Build configuration list for PBXProject "My Gem" */;
			compatibilityVersion = "Xcode 8.0";
			developmentRegion = en;
			hasScannedForEncodings = 0;
			knownRegions = (
				en,
				Base,
			);
			mainGroup = BC0B0B1C1FCA5CC200779A31;
			productRefGroup = BC0B0B261FCA5CC200779A31 /* Products */;
			projectDirPath = "";
			projectRoot = "";
			targets = (
				BC0B0B241FCA5CC200779A31 /* My Gem */,
			);
		};
/* End PBXProject section */

/* Begin PBXResourcesBuildPhase section */
		BC0B0B231FCA5CC200779A31 /* Resources */ = {
			isa = PBXResourcesBuildPhase;
			buildActionMask = 2147483647;
			files = (
				BC0B0B3A1FCAA15500779A31 /* Main.storyboard in Resources */,
				BC0B0B331FCA5CC200779A31 /* LaunchScreen.storyboard in Resources */,
				BC0B0B301FCA5CC200779A31 /* Assets.xcassets in Resources */,
			);
			runOnlyForDeploymentPostprocessing = 0;
		};
/* End PBXResourcesBuildPhase section */

/* Begin PBXSourcesBuildPhase section */
		BC0B0B211FCA5CC200779A31 /* Sources */ = {
			isa = PBXSourcesBuildPhase;
			buildActionMask = 2147483647;
			files = (
				BC0B0B2B1FCA5CC200779A31 /* ViewController.swift in Sources */,
				BC0B0B291FCA5CC200779A31 /* AppDelegate.swift in Sources */,
			);
			runOnlyForDeploymentPostprocessing = 0;
		};
/* End PBXSourcesBuildPhase section */

/* Begin PBXVariantGroup section */
		BC0B0B2C1FCA5CC200779A31 /* Main.storyboard */ = {
			isa = PBXVariantGroup;
			children = (
				BC0B0B2D1FCA5CC200779A31 /* Base */,
			);
			name = Main.storyboard;
			sourceTree = "<group>";
		};
		BC0B0B311FCA5CC200779A31 /* LaunchScreen.storyboard */ = {
			isa = PBXVariantGroup;
			children = (
				BC0B0B321FCA5CC200779A31 /* Base */,
			);
			name = LaunchScreen.storyboard;
			sourceTree = "<group>";
		};
/* End PBXVariantGroup section */

/* Begin XCBuildConfiguration section */
		BC0B0B351FCA5CC200779A31 /* Debug */ = {
			isa = XCBuildConfiguration;
			buildSettings = {
				ALWAYS_SEARCH_USER_PATHS = NO;
				CLANG_ANALYZER_NONNULL = YES;
				CLANG_ANALYZER_NUMBER_OBJECT_CONVERSION = YES_AGGRESSIVE;
				CLANG_CXX_LANGUAGE_STANDARD = "gnu++14";
				CLANG_CXX_LIBRARY = "libc++";
				CLANG_ENABLE_MODULES = YES;
				CLANG_ENABLE_OBJC_ARC = YES;
				CLANG_WARN_BLOCK_CAPTURE_AUTORELEASING = YES;
				CLANG_WARN_BOOL_CONVERSION = YES;
				CLANG_WARN_COMMA = YES;
				CLANG_WARN_CONSTANT_CONVERSION = YES;
				CLANG_WARN_DIRECT_OBJC_ISA_USAGE = YES_ERROR;
				CLANG_WARN_DOCUMENTATION_COMMENTS = YES;
				CLANG_WARN_EMPTY_BODY = YES;
				CLANG_WARN_ENUM_CONVERSION = YES;
				CLANG_WARN_INFINITE_RECURSION = YES;
				CLANG_WARN_INT_CONVERSION = YES;
				CLANG_WARN_NON_LITERAL_NULL_CONVERSION = YES;
				CLANG_WARN_OBJC_LITERAL_CONVERSION = YES;
				CLANG_WARN_OBJC_ROOT_CLASS = YES_ERROR;
				CLANG_WARN_RANGE_LOOP_ANALYSIS = YES;
				CLANG_WARN_STRICT_PROTOTYPES = YES;
				CLANG_WARN_SUSPICIOUS_MOVE = YES;
				CLANG_WARN_UNGUARDED_AVAILABILITY = YES_AGGRESSIVE;
				CLANG_WARN_UNREACHABLE_CODE = YES;
				CLANG_WARN__DUPLICATE_METHOD_MATCH = YES;
				CODE_SIGN_IDENTITY = "iPhone Developer";
				COPY_PHASE_STRIP = NO;
				DEBUG_INFORMATION_FORMAT = dwarf;
				ENABLE_STRICT_OBJC_MSGSEND = YES;
				ENABLE_TESTABILITY = YES;
				GCC_C_LANGUAGE_STANDARD = gnu11;
				GCC_DYNAMIC_NO_PIC = NO;
				GCC_NO_COMMON_BLOCKS = YES;
				GCC_OPTIMIZATION_LEVEL = 0;
				GCC_PREPROCESSOR_DEFINITIONS = (
					"DEBUG=1",
					"$(inherited)",
				);
				GCC_WARN_64_TO_32_BIT_CONVERSION = YES;
				GCC_WARN_ABOUT_RETURN_TYPE = YES_ERROR;
				GCC_WARN_UNDECLARED_SELECTOR = YES;
				GCC_WARN_UNINITIALIZED_AUTOS = YES_AGGRESSIVE;
				GCC_WARN_UNUSED_FUNCTION = YES;
				GCC_WARN_UNUSED_VARIABLE = YES;
				IPHONEOS_DEPLOYMENT_TARGET = 11.1;
				MTL_ENABLE_DEBUG_INFO = YES;
				ONLY_ACTIVE_ARCH = YES;
				SDKROOT = iphoneos;
				SWIFT_ACTIVE_COMPILATION_CONDITIONS = DEBUG;
				SWIFT_OPTIMIZATION_LEVEL = "-Onone";
			};
			name = Debug;
		};
		BC0B0B361FCA5CC200779A31 /* Release */ = {
			isa = XCBuildConfiguration;
			buildSettings = {
				ALWAYS_SEARCH_USER_PATHS = NO;
				CLANG_ANALYZER_NONNULL = YES;
				CLANG_ANALYZER_NUMBER_OBJECT_CONVERSION = YES_AGGRESSIVE;
				CLANG_CXX_LANGUAGE_STANDARD = "gnu++14";
				CLANG_CXX_LIBRARY = "libc++";
				CLANG_ENABLE_MODULES = YES;
				CLANG_ENABLE_OBJC_ARC = YES;
				CLANG_WARN_BLOCK_CAPTURE_AUTORELEASING = YES;
				CLANG_WARN_BOOL_CONVERSION = YES;
				CLANG_WARN_COMMA = YES;
				CLANG_WARN_CONSTANT_CONVERSION = YES;
				CLANG_WARN_DIRECT_OBJC_ISA_USAGE = YES_ERROR;
				CLANG_WARN_DOCUMENTATION_COMMENTS = YES;
				CLANG_WARN_EMPTY_BODY = YES;
				CLANG_WARN_ENUM_CONVERSION = YES;
				CLANG_WARN_INFINITE_RECURSION = YES;
				CLANG_WARN_INT_CONVERSION = YES;
				CLANG_WARN_NON_LITERAL_NULL_CONVERSION = YES;
				CLANG_WARN_OBJC_LITERAL_CONVERSION = YES;
				CLANG_WARN_OBJC_ROOT_CLASS = YES_ERROR;
				CLANG_WARN_RANGE_LOOP_ANALYSIS = YES;
				CLANG_WARN_STRICT_PROTOTYPES = YES;
				CLANG_WARN_SUSPICIOUS_MOVE = YES;
				CLANG_WARN_UNGUARDED_AVAILABILITY = YES_AGGRESSIVE;
				CLANG_WARN_UNREACHABLE_CODE = YES;
				CLANG_WARN__DUPLICATE_METHOD_MATCH = YES;
				CODE_SIGN_IDENTITY = "iPhone Developer";
				COPY_PHASE_STRIP = NO;
				DEBUG_INFORMATION_FORMAT = "dwarf-with-dsym";
				ENABLE_NS_ASSERTIONS = NO;
				ENABLE_STRICT_OBJC_MSGSEND = YES;
				GCC_C_LANGUAGE_STANDARD = gnu11;
				GCC_NO_COMMON_BLOCKS = YES;
				GCC_WARN_64_TO_32_BIT_CONVERSION = YES;
				GCC_WARN_ABOUT_RETURN_TYPE = YES_ERROR;
				GCC_WARN_UNDECLARED_SELECTOR = YES;
				GCC_WARN_UNINITIALIZED_AUTOS = YES_AGGRESSIVE;
				GCC_WARN_UNUSED_FUNCTION = YES;
				GCC_WARN_UNUSED_VARIABLE = YES;
				IPHONEOS_DEPLOYMENT_TARGET = 11.1;
				MTL_ENABLE_DEBUG_INFO = NO;
				SDKROOT = iphoneos;
				SWIFT_OPTIMIZATION_LEVEL = "-Owholemodule";
				VALIDATE_PRODUCT = YES;
			};
			name = Release;
		};
		BC0B0B381FCA5CC200779A31 /* Debug */ = {
			isa = XCBuildConfiguration;
			buildSettings = {
				ASSETCATALOG_COMPILER_APPICON_NAME = AppIcon;
				CODE_SIGN_STYLE = Automatic;
				DEVELOPMENT_TEAM = T2EFBU93QC;
				INFOPLIST_FILE = "My Gem/Info.plist";
				LD_RUNPATH_SEARCH_PATHS = "$(inherited) @executable_path/Frameworks";
				PRODUCT_BUNDLE_IDENTIFIER = "com.adansoniac.My-Gem";
				PRODUCT_NAME = "$(TARGET_NAME)";
				SWIFT_VERSION = 4.0;
				TARGETED_DEVICE_FAMILY = "1,2";
			};
			name = Debug;
		};
		BC0B0B391FCA5CC200779A31 /* Release */ = {
			isa = XCBuildConfiguration;
			buildSettings = {
				ASSETCATALOG_COMPILER_APPICON_NAME = AppIcon;
				CODE_SIGN_STYLE = Automatic;
				DEVELOPMENT_TEAM = T2EFBU93QC;
				INFOPLIST_FILE = "My Gem/Info.plist";
				LD_RUNPATH_SEARCH_PATHS = "$(inherited) @executable_path/Frameworks";
				PRODUCT_BUNDLE_IDENTIFIER = "com.adansoniac.My-Gem";
				PRODUCT_NAME = "$(TARGET_NAME)";
				SWIFT_VERSION = 4.0;
				TARGETED_DEVICE_FAMILY = "1,2";
			};
			name = Release;
		};
/* End XCBuildConfiguration section */

/* Begin XCConfigurationList section */
		BC0B0B201FCA5CC200779A31 /* Build configuration list for PBXProject "My Gem" */ = {
			isa = XCConfigurationList;
			buildConfigurations = (
				BC0B0B351FCA5CC200779A31 /* Debug */,
				BC0B0B361FCA5CC200779A31 /* Release */,
			);
			defaultConfigurationIsVisible = 0;
			defaultConfigurationName = Release;
		};
		BC0B0B371FCA5CC200779A31 /* Build configuration list for PBXNativeTarget "My Gem" */ = {
			isa = XCConfigurationList;
			buildConfigurations = (
				BC0B0B381FCA5CC200779A31 /* Debug */,
				BC0B0B391FCA5CC200779A31 /* Release */,
			);
			defaultConfigurationIsVisible = 0;
			defaultConfigurationName = Release;
		};
/* End XCConfigurationList section */
	};
	rootObject = BC0B0B1D1FCA5CC200779A31 /* Project object */;
}
